{
  "version": "5",
  "specifiers": {
    "jsr:@std/cli@^1.0.32": "1.0.32",
    "jsr:@std/encoding@^1.0.11": "1.0.11",
    "jsr:@std/fmt@^1.0.10": "1.0.10",
    "jsr:@std/fs@^1.0.24": "1.0.24",
    "jsr:@std/html@^1.0.7": "1.0.7",
    "jsr:@std/http@*": "1.1.3",
    "jsr:@std/internal@^1.0.14": "1.0.14",
    "jsr:@std/media-types@^1.1.0": "1.1.0",
    "jsr:@std/net@^1.0.6": "1.0.6",
    "jsr:@std/path@^1.1.6": "1.1.6",
    "jsr:@std/streams@^1.1.2": "1.1.2"
  },
  "jsr": {
    "@std/cli@1.0.32": {
      "integrity": "188b3a100d6202d64e3f5bd3d799c7fa4f6d77f92cc65eb7f641c1fa0aa92a66"
    },
    "@std/encoding@1.0.11": {
      "integrity": "e7cef2f0b3153bccc17431e7c864a1de03a4b6d9647389c43e08aaa775d37385"
    },
    "@std/fmt@1.0.10": {
      "integrity": "90dfba288802ac6de82fb31d0917eb9e4450b9925b954d5e51fc29ac07419db5"
    },
    "@std/fs@1.0.24": {
      "integrity": "f3061b45b81673a2bece689da041df32d174be064c89eb6397fb5718d3fb7877"
    },
    "@std/html@1.0.7": {
      "integrity": "175c818905a6e75743c69c251395e273d82698e58cfe7dd76268d70e28b8d8fe"
    },
    "@std/http@1.1.3": {
      "integrity": "73a98e05ff58aa18bea562d286172e6c815b1eddd4fcab194beda19e3683b88c",
      "dependencies": [
        "jsr:@std/cli",
        "jsr:@std/encoding",
        "jsr:@std/fmt",
        "jsr:@std/fs",
        "jsr:@std/html",
        "jsr:@std/media-types",
        "jsr:@std/net",
        "jsr:@std/path",
        "jsr:@std/streams"
      ]
    },
    "@std/internal@1.0.14": {
      "integrity": "291516b3d4c35024d6ffbc0a9df5bf4c64116e05b50012cf846710152d2ffdf7"
    },
    "@std/media-types@1.1.0": {
      "integrity": "c9d093f0c05c3512932b330e3cc1fe1d627b301db33a4c2c2185c02471d6eaa4"
    },
    "@std/net@1.0.6": {
      "integrity": "110735f93e95bb9feb95790a8b1d1bf69ec0dc74f3f97a00a76ea5efea25500c"
    },
    "@std/path@1.1.6": {
      "integrity": "c68485c2a4dfbb5ae3cc74fae4e8c4e5d874cf8a8ed12927917235c758b46cbe",
      "dependencies": [
        "jsr:@std/internal"
      ]
    },
    "@std/streams@1.1.2": {
      "integrity": "0249bf9b78a999f57032ca4d8e7ccaa57579090242640b35ddc948fbb745d3af"
    }
  },
  "redirects": {
    "https://esm.sh/@pdf-lib/standard-fonts@^1.0.0?target=denonext": "https://esm.sh/@pdf-lib/standard-fonts@1.0.0?target=denonext",
    "https://esm.sh/@pdf-lib/upng@^1.0.1?target=denonext": "https://esm.sh/@pdf-lib/upng@1.0.1?target=denonext",
    "https://esm.sh/@types/pako@~1.0.7/index.d.ts": "https://esm.sh/@types/pako@1.0.7/index.d.ts",
    "https://esm.sh/pako@^1.0.10?target=denonext": "https://esm.sh/pako@1.0.11?target=denonext",
    "https://esm.sh/pako@^1.0.11?target=denonext": "https://esm.sh/pako@1.0.11?target=denonext",
    "https://esm.sh/pako@^1.0.6?target=denonext": "https://esm.sh/pako@1.0.11?target=denonext",
    "https://esm.sh/tslib@^1.11.1?target=denonext": "https://esm.sh/tslib@1.14.1?target=denonext"
  },
  "remote": {
    "https://deno.land/std@0.168.0/async/abortable.ts": "80b2ac399f142cc528f95a037a7d0e653296352d95c681e284533765961de409",
    "https://deno.land/std@0.168.0/async/deadline.ts": "2c2deb53c7c28ca1dda7a3ad81e70508b1ebc25db52559de6b8636c9278fd41f",
    "https://deno.land/std@0.168.0/async/debounce.ts": "60301ffb37e730cd2d6f9dadfd0ecb2a38857681bd7aaf6b0a106b06e5210a98",
    "https://deno.land/std@0.168.0/async/deferred.ts": "77d3f84255c3627f1cc88699d8472b664d7635990d5358c4351623e098e917d6",
    "https://deno.land/std@0.168.0/async/delay.ts": "5a9bfba8de38840308a7a33786a0155a7f6c1f7a859558ddcec5fe06e16daf57",
    "https://deno.land/std@0.168.0/async/mod.ts": "7809ad4bb223e40f5fdc043e5c7ca04e0e25eed35c32c3c32e28697c553fa6d9",
    "https://deno.land/std@0.168.0/async/mux_async_iterator.ts": "770a0ff26c59f8bbbda6b703a2235f04e379f73238e8d66a087edc68c2a2c35f",
    "https://deno.land/std@0.168.0/async/pool.ts": "6854d8cd675a74c73391c82005cbbe4cc58183bddcd1fbbd7c2bcda42b61cf69",
    "https://deno.land/std@0.168.0/async/retry.ts": "e8e5173623915bbc0ddc537698fa418cf875456c347eda1ed453528645b42e67",
    "https://deno.land/std@0.168.0/async/tee.ts": "3a47cc4e9a940904fd4341f0224907e199121c80b831faa5ec2b054c6d2eff5e",
    "https://deno.land/std@0.168.0/encoding/base64.ts": "8605e018e49211efc767686f6f687827d7f5fd5217163e981d8d693105640d7a",
    "https://deno.land/std@0.168.0/http/server.ts": "e99c1bee8a3f6571ee4cdeb2966efad465b8f6fe62bec1bdb59c1f007cc4d155",
    "https://deno.land/std@0.168.0/node/buffer.ts": "43f07b2d1523345bf35b7deb7fcdad6e916020a631a7bc1b5efcaff556db4e1d",
    "https://esm.sh/@pdf-lib/fontkit@1.1.1": "8e92a721affcd7fba5a4986b856e4e3ed44ee26be2affa89fbd128bd0b762bd0",
    "https://esm.sh/@pdf-lib/standard-fonts@1.0.0/denonext/standard-fonts.mjs": "708d496da295d425f227de54b24c0da9be34cd33f5635d9bdd355dc549b49988",
    "https://esm.sh/@pdf-lib/standard-fonts@1.0.0?target=denonext": "6831e71a173d549ea549bc8ca62160b5309cb77c41a4a34b04bc679c9bb390bf",
    "https://esm.sh/@pdf-lib/upng@1.0.1/denonext/upng.mjs": "725dab6b2d126a6cb418f24ed9bd0aa9400949cbbbe8dcb975241236fdfa2d0d",
    "https://esm.sh/@pdf-lib/upng@1.0.1?target=denonext": "0aa62a3f01d37283242d27853ae61c7e3b8e4504a80bf2f7e748efc43fb06b19",
    "https://esm.sh/@supabase/supabase-js@2.21.0": "f137b1c1e63db6d0b00645041d5c2b16bc8ce83109e240daacea3a080e6c8d41",
    "https://esm.sh/pako@1.0.11/denonext/pako.mjs": "4895feb3e2441ef725da4052a5dc93d219d065fef1decc4452bb9b7ee1477c0d",
    "https://esm.sh/pako@1.0.11?target=denonext": "bc43f66ed245d58d468bf9867b3e9080c5b0590b4c14038ea308954490e0b2ea",
    "https://esm.sh/pdf-lib@1.17.1": "cf7c5527829cb9bbb3aa20d339c530067441c10eb98880360aea9e77c3c87ff8",
    "https://esm.sh/pdf-lib@1.17.1/denonext/es/core/annotation.mjs": "9fea26c9d06ec825c6bde7f498361fa4cf91cfa7f6c67c362c96edb812fe4619",
    "https://esm.sh/pdf-lib@1.17.1/denonext/es/utils.mjs": "cf96c5836fdd5f60eeccd53603c87b52c43c11c8b99e85f79f586be58a59f4d1",
    "https://esm.sh/pdf-lib@1.17.1/denonext/es/utils/index.mjs": "34773d399ffdacd2972f527377d293aa3bff9d3a0d31d48d956a00c9c0c32329",
    "https://esm.sh/pdf-lib@1.17.1/denonext/pdf-lib.mjs": "3be07aa3466e0e9eee79730a775211d6bb8547c0cb9d203c09dde6feca1dc559",
    "https://esm.sh/tslib@1.14.1/denonext/tslib.mjs": "748739307d67fbaa8ae634eed70715714dd1f54f04fe8635bcb7f72cb0aaed62",
    "https://esm.sh/tslib@1.14.1?target=denonext": "2982231d9e09e6f007540c7a24c12a7cccb0e84ca98df2ad86ff2bdca1c0fa35"
  },
  "workspace": {
    "packageJson": {
      "dependencies": [
        "npm:@sparticuz/chromium@149",
        "npm:axios@^1.18.1",
        "npm:cors@^2.8.6",
        "npm:dotenv@^17.4.2",
        "npm:express@^4.19.2",
        "npm:form-data@^4.0.6",
        "npm:isomorphic-git@^1.38.7",
        "npm:jsonwebtoken@^9.0.3",
        "npm:multer@^2.2.0",
        "npm:pdfkit@~0.19.1",
        "npm:pg@^8.22.0",
        "npm:puppeteer-core@^25.4.0",
        "npm:puppeteer@^22.10.0"
      ]
    }
  }
}
